
Microsoft Visual Studio Solution File, Format Version 12.00
# Visual Studio Version 17
VisualStudioVersion = 17.14.36109.1 d17.14
MinimumVisualStudioVersion = 10.0.40219.1
Project("{FAE04EC0-301F-11D3-BF4B-00C04F79EFBC}") = "СлобПО", "СлобПО\СлобПО.csproj", "{AC16A108-246E-42FA-AA18-D77F9315AE4C}"
EndProject
Global
	GlobalSection(SolutionConfigurationPlatforms) = preSolution
		Debug|Any CPU = Debug|Any CPU
		Release|Any CPU = Release|Any CPU
	EndGlobalSection
	GlobalSection(ProjectConfigurationPlatforms) = postSolution
		{AC16A108-246E-42FA-AA18-D77F9315AE4C}.Debug|Any CPU.ActiveCfg = Debug|Any CPU
		{AC16A108-246E-42FA-AA18-D77F9315AE4C}.Debug|Any CPU.Build.0 = Debug|Any CPU
		{AC16A108-246E-42FA-AA18-D77F9315AE4C}.Release|Any CPU.ActiveCfg = Release|Any CPU
		{AC16A108-246E-42FA-AA18-D77F9315AE4C}.Release|Any CPU.Build.0 = Release|Any CPU
	EndGlobalSection
	GlobalSection(SolutionProperties) = preSolution
		HideSolutionNode = FALSE
	EndGlobalSection
	GlobalSection(ExtensibilityGlobals) = postSolution
		SolutionGuid = {496CA47F-4F88-49EA-86F6-4895B555B07A}
	EndGlobalSection
EndGlobal
